{
  "name": "04-generator",
  "version": "1.0.0",
  "lockfileVersion": 1,
  "requires": true,
  "dependencies": {
    "core-js": {
      "version": "3.1.4",
      "resolved": "https://registry.npm.taobao.org/core-js/download/core-js-3.1.4.tgz",
      "integrity": "sha1-Oig3/EjlguGuJZB6/NbPA7DMegc="
    }
  }
}
